
Microsoft Visual Studio Solution File, Format Version 12.00
# Visual Studio Version 16
VisualStudioVersion = 16.0.31112.23
MinimumVisualStudioVersion = 10.0.40219.1
Project("{FAE04EC0-301F-11D3-BF4B-00C04F79EFBC}") = "Naam in ASCII oef", "Naam in ASCII oef\Naam in ASCII oef.csproj", "{58DFA86E-7A6B-4FE6-92AE-D41C1D5A36AB}"
EndProject
Global
	GlobalSection(SolutionConfigurationPlatforms) = preSolution
		Debug|Any CPU = Debug|Any CPU
		Release|Any CPU = Release|Any CPU
	EndGlobalSection
	GlobalSection(ProjectConfigurationPlatforms) = postSolution
		{58DFA86E-7A6B-4FE6-92AE-D41C1D5A36AB}.Debug|Any CPU.ActiveCfg = Debug|Any CPU
		{58DFA86E-7A6B-4FE6-92AE-D41C1D5A36AB}.Debug|Any CPU.Build.0 = Debug|Any CPU
		{58DFA86E-7A6B-4FE6-92AE-D41C1D5A36AB}.Release|Any CPU.ActiveCfg = Release|Any CPU
		{58DFA86E-7A6B-4FE6-92AE-D41C1D5A36AB}.Release|Any CPU.Build.0 = Release|Any CPU
	EndGlobalSection
	GlobalSection(SolutionProperties) = preSolution
		HideSolutionNode = FALSE
	EndGlobalSection
	GlobalSection(ExtensibilityGlobals) = postSolution
		SolutionGuid = {6EDCC813-D726-43C8-93F8-7C2617EB69DB}
	EndGlobalSection
EndGlobal
